
Microsoft Visual Studio Solution File, Format Version 12.00
# Visual Studio 15
VisualStudioVersion = 15.0.28307.1259
MinimumVisualStudioVersion = 10.0.40219.1
Project("{FAE04EC0-301F-11D3-BF4B-00C04F79EFBC}") = "Rechnermodul_JustForYou", "Rechnermodul_JustForYou\Rechnermodul_JustForYou.csproj", "{7A0871B9-9E1E-4FDC-8C7E-94624E12E905}"
EndProject
Project("{FAE04EC0-301F-11D3-BF4B-00C04F79EFBC}") = "Informatikmodul", "Informatikmodul\Informatikmodul.csproj", "{23812432-F29D-46BE-93F5-8905C34059C5}"
EndProject
Project("{FAE04EC0-301F-11D3-BF4B-00C04F79EFBC}") = "Geometriemodul", "Geometriemodul\Geometriemodul.csproj", "{D87E96AB-35D4-41B6-9D25-270BB6CD3CBD}"
EndProject
Project("{FAE04EC0-301F-11D3-BF4B-00C04F79EFBC}") = "Prozentmodul", "Prozentrechner\Prozentmodul.csproj", "{513F942D-65EF-4887-A689-40C4193E3DD8}"
EndProject
Global
	GlobalSection(SolutionConfigurationPlatforms) = preSolution
		Debug|Any CPU = Debug|Any CPU
		Release|Any CPU = Release|Any CPU
	EndGlobalSection
	GlobalSection(ProjectConfigurationPlatforms) = postSolution
		{7A0871B9-9E1E-4FDC-8C7E-94624E12E905}.Debug|Any CPU.ActiveCfg = Debug|Any CPU
		{7A0871B9-9E1E-4FDC-8C7E-94624E12E905}.Debug|Any CPU.Build.0 = Debug|Any CPU
		{7A0871B9-9E1E-4FDC-8C7E-94624E12E905}.Release|Any CPU.ActiveCfg = Release|Any CPU
		{7A0871B9-9E1E-4FDC-8C7E-94624E12E905}.Release|Any CPU.Build.0 = Release|Any CPU
		{23812432-F29D-46BE-93F5-8905C34059C5}.Debug|Any CPU.ActiveCfg = Debug|Any CPU
		{23812432-F29D-46BE-93F5-8905C34059C5}.Debug|Any CPU.Build.0 = Debug|Any CPU
		{23812432-F29D-46BE-93F5-8905C34059C5}.Release|Any CPU.ActiveCfg = Release|Any CPU
		{23812432-F29D-46BE-93F5-8905C34059C5}.Release|Any CPU.Build.0 = Release|Any CPU
		{D87E96AB-35D4-41B6-9D25-270BB6CD3CBD}.Debug|Any CPU.ActiveCfg = Debug|Any CPU
		{D87E96AB-35D4-41B6-9D25-270BB6CD3CBD}.Debug|Any CPU.Build.0 = Debug|Any CPU
		{D87E96AB-35D4-41B6-9D25-270BB6CD3CBD}.Release|Any CPU.ActiveCfg = Release|Any CPU
		{D87E96AB-35D4-41B6-9D25-270BB6CD3CBD}.Release|Any CPU.Build.0 = Release|Any CPU
		{513F942D-65EF-4887-A689-40C4193E3DD8}.Debug|Any CPU.ActiveCfg = Debug|Any CPU
		{513F942D-65EF-4887-A689-40C4193E3DD8}.Debug|Any CPU.Build.0 = Debug|Any CPU
		{513F942D-65EF-4887-A689-40C4193E3DD8}.Release|Any CPU.ActiveCfg = Release|Any CPU
		{513F942D-65EF-4887-A689-40C4193E3DD8}.Release|Any CPU.Build.0 = Release|Any CPU
	EndGlobalSection
	GlobalSection(SolutionProperties) = preSolution
		HideSolutionNode = FALSE
	EndGlobalSection
	GlobalSection(ExtensibilityGlobals) = postSolution
		SolutionGuid = {AEB3D351-CC10-4842-B9BA-10CABEDDA138}
	EndGlobalSection
EndGlobal
